<?xml version="1.0" encoding="utf-8"?>
<Project ToolsVersion="4.0" xmlns="http://schemas.microsoft.com/developer/msbuild/2003">
  <ItemGroup>
    <Filter Include="Source Files">
      <UniqueIdentifier>{4FC737F1-C7A5-4376-A066-2A32D752A2FF}</UniqueIdentifier>
      <Extensions>cpp;c;cc;cxx;def;odl;idl;hpj;bat;asm;asmx</Extensions>
    </Filter>
    <Filter Include="Header Files">
      <UniqueIdentifier>{93995380-89BD-4b04-88EB-625FBE52EBFB}</UniqueIdentifier>
      <Extensions>h;hh;hpp;hxx;hm;inl;inc;ipp;xsd</Extensions>
    </Filter>
    <Filter Include="Resource Files">
      <UniqueIdentifier>{67DA6AB6-F800-4c08-8B7A-83BB121AAD01}</UniqueIdentifier>
      <Extensions>rc;ico;cur;bmp;dlg;rc2;rct;bin;rgs;gif;jpg;jpeg;jpe;resx;tiff;tif;png;wav;mfcribbon-ms</Extensions>
    </Filter>
    <Filter Include="Header Files\math">
      <UniqueIdentifier>{81e3c9b6-935a-49f7-b108-9e39eda3b408}</UniqueIdentifier>
    </Filter>
    <Filter Include="Source Files\math">
      <UniqueIdentifier>{89f4126e-917b-4aa3-8dfa-7a5d58120116}</UniqueIdentifier>
    </Filter>
    <Filter Include="Resource Files\shaders">
      <UniqueIdentifier>{16913416-1534-4a60-8dad-8d888b48749b}</UniqueIdentifier>
    </Filter>
  </ItemGroup>
  <ItemGroup>
    <ClCompile Include="glad.c">
      <Filter>Source Files</Filter>
    </ClCompile>
    <ClCompile Include="main.cpp">
      <Filter>Source Files</Filter>
    </ClCompile>
    <ClCompile Include="stb_image.cpp">
      <Filter>Source Files</Filter>
    </ClCompile>
  </ItemGroup>
  <ItemGroup>
    <ClInclude Include="shader.h">
      <Filter>Header Files</Filter>
    </ClInclude>
    <ClInclude Include="stb_image.h">
      <Filter>Header Files</Filter>
    </ClInclude>
    <ClInclude Include="math\vector3.h">
      <Filter>Header Files\math</Filter>
    </ClInclude>
    <ClInclude Include="math\vector4.h">
      <Filter>Header Files\math</Filter>
    </ClInclude>
    <ClInclude Include="math\vector2.h">
      <Filter>Header Files\math</Filter>
    </ClInclude>
    <ClInclude Include="math\matrix4.h">
      <Filter>Header Files\math</Filter>
    </ClInclude>
    <ClInclude Include="math\matrix3.h">
      <Filter>Header Files\math</Filter>
    </ClInclude>
    <ClInclude Include="math_helpers.h">
      <Filter>Header Files\math</Filter>
    </ClInclude>
    <ClInclude Include="camera.h">
      <Filter>Header Files</Filter>
    </ClInclude>
    <ClInclude Include="line.h">
      <Filter>Header Files</Filter>
    </ClInclude>
    <ClInclude Include="mesh.h">
      <Filter>Header Files</Filter>
    </ClInclude>
    <ClInclude Include="model.h">
      <Filter>Header Files</Filter>
    </ClInclude>
  </ItemGroup>
  <ItemGroup>
    <None Include="shaders\1.fragment.frag">
      <Filter>Resource Files\shaders</Filter>
    </None>
    <None Include="shaders\1.vertex.vert">
      <Filter>Resource Files\shaders</Filter>
    </None>
    <None Include="shaders\4.2.texture.frag">
      <Filter>Resource Files\shaders</Filter>
    </None>
    <None Include="shaders\4.2.texture.vert">
      <Filter>Resource Files\shaders</Filter>
    </None>
    <None Include="shaders\5.1.texture.frag">
      <Filter>Resource Files\shaders</Filter>
    </None>
    <None Include="shaders\5.1.texture.vert">
      <Filter>Resource Files\shaders</Filter>
    </None>
    <None Include="shaders\6.3.coordinate_systems.frag">
      <Filter>Resource Files\shaders</Filter>
    </None>
    <None Include="shaders\6.3.coordinate_systems.vert">
      <Filter>Resource Files\shaders</Filter>
    </None>
    <None Include="shaders\7.light_box.frag">
      <Filter>Resource Files\shaders</Filter>
    </None>
    <None Include="shaders\7.light_box.vert">
      <Filter>Resource Files\shaders</Filter>
    </None>
    <None Include="shaders\7.lit.frag">
      <Filter>Resource Files\shaders</Filter>
    </None>
    <None Include="shaders\7.lit.vert">
      <Filter>Resource Files\shaders</Filter>
    </None>
    <None Include="shaders\8.materials.frag">
      <Filter>Resource Files\shaders</Filter>
    </None>
    <None Include="shaders\8.materials.vert">
      <Filter>Resource Files\shaders</Filter>
    </None>
    <None Include="shaders\line.frag">
      <Filter>Resource Files\shaders</Filter>
    </None>
    <None Include="shaders\line.vert">
      <Filter>Resource Files\shaders</Filter>
    </None>
    <None Include="shaders\9.diffuse_and_specular_map.frag">
      <Filter>Resource Files\shaders</Filter>
    </None>
    <None Include="shaders\9.diffuse_and_specular_map.vert">
      <Filter>Resource Files\shaders</Filter>
    </None>
    <None Include="shaders\10.attenuation.frag">
      <Filter>Resource Files\shaders</Filter>
    </None>
    <None Include="shaders\10.attenuation.vert">
      <Filter>Resource Files\shaders</Filter>
    </None>
    <None Include="shaders\10.spotlight.frag">
      <Filter>Resource Files\shaders</Filter>
    </None>
    <None Include="shaders\10.spotlight.vert">
      <Filter>Resource Files\shaders</Filter>
    </None>
    <None Include="shaders\11.multiple_lights.frag">
      <Filter>Resource Files\shaders</Filter>
    </None>
    <None Include="shaders\11.multiple_lights.vert">
      <Filter>Resource Files\shaders</Filter>
    </None>
    <None Include="shaders\12.simple_diffuse.frag">
      <Filter>Resource Files\shaders</Filter>
    </None>
    <None Include="shaders\12.simple_diffuse.vert">
      <Filter>Resource Files\shaders</Filter>
    </None>
  </ItemGroup>
</Project>